{
  "requires": true,
  "lockfileVersion": 1,
  "dependencies": {
    "rtcpeerconnection-shim": {
      "version": "1.2.11",
      "resolved": "http://registry.npm.taobao.org/rtcpeerconnection-shim/download/rtcpeerconnection-shim-1.2.11.tgz",
      "integrity": "sha1-3yskVgIDZdrya/jBNVI7yi3rJSs=",
      "requires": {
        "sdp": "2.7.4"
      }
    },
    "sdp": {
      "version": "2.7.4",
      "resolved": "http://registry.npm.taobao.org/sdp/download/sdp-2.7.4.tgz",
      "integrity": "sha1-ysdrDi8W9VJD0lvAQy9ru1SIv8E="
    },
    "webrtc-adapter": {
      "version": "6.2.0",
      "resolved": "http://registry.npm.taobao.org/webrtc-adapter/download/webrtc-adapter-6.2.0.tgz",
      "integrity": "sha1-jokTqKqaZQHunD5fZ/RRj0Ak7Dk=",
      "requires": {
        "rtcpeerconnection-shim": "1.2.11",
        "sdp": "2.7.4"
      }
    }
  }
}
